{
  "name": "q1",
  "version": "1.0.0",
  "lockfileVersion": 3,
  "requires": true,
  "packages": {
    "": {
      "name": "q1",
      "version": "1.0.0",
      "license": "ISC",
      "dependencies": {
        "convert-string-to-number": "^1.0.3",
        "readline-sync": "^1.4.10"
      }
    },
    "node_modules/convert-string-to-number": {
      "version": "1.0.3",
      "resolved": "https://registry.npmjs.org/convert-string-to-number/-/convert-string-to-number-1.0.3.tgz",
      "integrity": "sha512-ZvP2/ob7UvvC6s7euMDU2JXYz1dTdBXS8QvOgCPOiGHHYNsKcJ/WZUui3wL0vngXRfM7/3QSFF2PZWlPjgKeUA=="
    },
    "node_modules/readline-sync": {
      "version": "1.4.10",
      "resolved": "https://registry.npmjs.org/readline-sync/-/readline-sync-1.4.10.tgz",
      "integrity": "sha512-gNva8/6UAe8QYepIQH/jQ2qn91Qj0B9sYjMBBs3QOB8F2CXcKgLxQaJRP76sWVRQt+QU+8fAkCbCvjjMFu7Ycw==",
      "engines": {
        "node": ">= 0.8.0"
      }
    }
  }
}
